// !$*UTF8*$!
{
	archiveVersion = 1;
	classes = {
	};
	objectVersion = 56;
	objects = {

/* Begin PBXBuildFile section */
		8330E9D92956B6BF0089B4B3 /* OpenWeather.swift in Sources */ = {isa = PBXBuildFile; fileRef = 8330E9D82956B6BE0089B4B3 /* OpenWeather.swift */; };
		8330E9DB29592B2E0089B4B3 /* LoadingView.swift in Sources */ = {isa = PBXBuildFile; fileRef = 8330E9DA29592B2E0089B4B3 /* LoadingView.swift */; };
		8330E9DD295A2C3D0089B4B3 /* WeatherView.swift in Sources */ = {isa = PBXBuildFile; fileRef = 8330E9DC295A2C3D0089B4B3 /* WeatherView.swift */; };
		8397BF1129564DA20066D2F4 /* Weather_SwiftUIApp.swift in Sources */ = {isa = PBXBuildFile; fileRef = 8397BF1029564DA20066D2F4 /* Weather_SwiftUIApp.swift */; };
		8397BF1329564DA20066D2F4 /* ContentView.swift in Sources */ = {isa = PBXBuildFile; fileRef = 8397BF1229564DA20066D2F4 /* ContentView.swift */; };
		8397BF1529564DA30066D2F4 /* Assets.xcassets in Resources */ = {isa = PBXBuildFile; fileRef = 8397BF1429564DA30066D2F4 /* Assets.xcassets */; };
		8397BF1829564DA30066D2F4 /* Preview Assets.xcassets in Resources */ = {isa = PBXBuildFile; fileRef = 8397BF1729564DA30066D2F4 /* Preview Assets.xcassets */; };
		8397BF2229564DA30066D2F4 /* Weather_SwiftUITests.swift in Sources */ = {isa = PBXBuildFile; fileRef = 8397BF2129564DA30066D2F4 /* Weather_SwiftUITests.swift */; };
		8397BF2C29564DA30066D2F4 /* Weather_SwiftUIUITests.swift in Sources */ = {isa = PBXBuildFile; fileRef = 8397BF2B29564DA30066D2F4 /* Weather_SwiftUIUITests.swift */; };
		8397BF2E29564DA30066D2F4 /* Weather_SwiftUIUITestsLaunchTests.swift in Sources */ = {isa = PBXBuildFile; fileRef = 8397BF2D29564DA30066D2F4 /* Weather_SwiftUIUITestsLaunchTests.swift */; };
		8397BF3D295654E80066D2F4 /* Location.swift in Sources */ = {isa = PBXBuildFile; fileRef = 8397BF3C295654E80066D2F4 /* Location.swift */; };
/* End PBXBuildFile section */

/* Begin PBXContainerItemProxy section */
		8397BF1E29564DA30066D2F4 /* PBXContainerItemProxy */ = {
			isa = PBXContainerItemProxy;
			containerPortal = 8397BF0529564DA20066D2F4 /* Project object */;
			proxyType = 1;
			remoteGlobalIDString = 8397BF0C29564DA20066D2F4;
			remoteInfo = "Weather-SwiftUI";
		};
		8397BF2829564DA30066D2F4 /* PBXContainerItemProxy */ = {
			isa = PBXContainerItemProxy;
			containerPortal = 8397BF0529564DA20066D2F4 /* Project object */;
			proxyType = 1;
			remoteGlobalIDString = 8397BF0C29564DA20066D2F4;
			remoteInfo = "Weather-SwiftUI";
		};
/* End PBXContainerItemProxy section */

/* Begin PBXFileReference section */
		8330E9D72956AA130089B4B3 /* Info.plist */ = {isa = PBXFileReference; lastKnownFileType = text.plist; path = Info.plist; sourceTree = "<group>"; };
		8330E9D82956B6BE0089B4B3 /* OpenWeather.swift */ = {isa = PBXFileReference; lastKnownFileType = sourcecode.swift; path = OpenWeather.swift; sourceTree = "<group>"; };
		8330E9DA29592B2E0089B4B3 /* LoadingView.swift */ = {isa = PBXFileReference; lastKnownFileType = sourcecode.swift; path = LoadingView.swift; sourceTree = "<group>"; };
		8330E9DC295A2C3D0089B4B3 /* WeatherView.swift */ = {isa = PBXFileReference; lastKnownFileType = sourcecode.swift; path = WeatherView.swift; sourceTree = "<group>"; };
		8397BF0D29564DA20066D2F4 /* Weather-SwiftUI.app */ = {isa = PBXFileReference; explicitFileType = wrapper.application; includeInIndex = 0; path = "Weather-SwiftUI.app"; sourceTree = BUILT_PRODUCTS_DIR; };
		8397BF1029564DA20066D2F4 /* Weather_SwiftUIApp.swift */ = {isa = PBXFileReference; lastKnownFileType = sourcecode.swift; path = Weather_SwiftUIApp.swift; sourceTree = "<group>"; };
		8397BF1229564DA20066D2F4 /* ContentView.swift */ = {isa = PBXFileReference; lastKnownFileType = sourcecode.swift; path = ContentView.swift; sourceTree = "<group>"; };
		8397BF1429564DA30066D2F4 /* Assets.xcassets */ = {isa = PBXFileReference; lastKnownFileType = folder.assetcatalog; path = Assets.xcassets; sourceTree = "<group>"; };
		8397BF1729564DA30066D2F4 /* Preview Assets.xcassets */ = {isa = PBXFileReference; lastKnownFileType = folder.assetcatalog; path = "Preview Assets.xcassets"; sourceTree = "<group>"; };
		8397BF1D29564DA30066D2F4 /* Weather-SwiftUITests.xctest */ = {isa = PBXFileReference; explicitFileType = wrapper.cfbundle; includeInIndex = 0; path = "Weather-SwiftUITests.xctest"; sourceTree = BUILT_PRODUCTS_DIR; };
		8397BF2129564DA30066D2F4 /* Weather_SwiftUITests.swift */ = {isa = PBXFileReference; lastKnownFileType = sourcecode.swift; path = Weather_SwiftUITests.swift; sourceTree = "<group>"; };
		8397BF2729564DA30066D2F4 /* Weather-SwiftUIUITests.xctest */ = {isa = PBXFileReference; explicitFileType = wrapper.cfbundle; includeInIndex = 0; path = "Weather-SwiftUIUITests.xctest"; sourceTree = BUILT_PRODUCTS_DIR; };
		8397BF2B29564DA30066D2F4 /* Weather_SwiftUIUITests.swift */ = {isa = PBXFileReference; lastKnownFileType = sourcecode.swift; path = Weather_SwiftUIUITests.swift; sourceTree = "<group>"; };
		8397BF2D29564DA30066D2F4 /* Weather_SwiftUIUITestsLaunchTests.swift */ = {isa = PBXFileReference; lastKnownFileType = sourcecode.swift; path = Weather_SwiftUIUITestsLaunchTests.swift; sourceTree = "<group>"; };
		8397BF3C295654E80066D2F4 /* Location.swift */ = {isa = PBXFileReference; lastKnownFileType = sourcecode.swift; path = Location.swift; sourceTree = "<group>"; };
/* End PBXFileReference section */

/* Begin PBXFrameworksBuildPhase section */
		8397BF0A29564DA20066D2F4 /* Frameworks */ = {
			isa = PBXFrameworksBuildPhase;
			buildActionMask = 2147483647;
			files = (
			);
			runOnlyForDeploymentPostprocessing = 0;
		};
		8397BF1A29564DA30066D2F4 /* Frameworks */ = {
			isa = PBXFrameworksBuildPhase;
			buildActionMask = 2147483647;
			files = (
			);
			runOnlyForDeploymentPostprocessing = 0;
		};
		8397BF2429564DA30066D2F4 /* Frameworks */ = {
			isa = PBXFrameworksBuildPhase;
			buildActionMask = 2147483647;
			files = (
			);
			runOnlyForDeploymentPostprocessing = 0;
		};
/* End PBXFrameworksBuildPhase section */

/* Begin PBXGroup section */
		8397BF0429564DA20066D2F4 = {
			isa = PBXGroup;
			children = (
				8397BF0F29564DA20066D2F4 /* Weather-SwiftUI */,
				8397BF2029564DA30066D2F4 /* Weather-SwiftUITests */,
				8397BF2A29564DA30066D2F4 /* Weather-SwiftUIUITests */,
				8397BF0E29564DA20066D2F4 /* Products */,
			);
			sourceTree = "<group>";
		};
		8397BF0E29564DA20066D2F4 /* Products */ = {
			isa = PBXGroup;
			children = (
				8397BF0D29564DA20066D2F4 /* Weather-SwiftUI.app */,
				8397BF1D29564DA30066D2F4 /* Weather-SwiftUITests.xctest */,
				8397BF2729564DA30066D2F4 /* Weather-SwiftUIUITests.xctest */,
			);
			name = Products;
			sourceTree = "<group>";
		};
		8397BF0F29564DA20066D2F4 /* Weather-SwiftUI */ = {
			isa = PBXGroup;
			children = (
				8330E9D72956AA130089B4B3 /* Info.plist */,
				8330E9DA29592B2E0089B4B3 /* LoadingView.swift */,
				8330E9DC295A2C3D0089B4B3 /* WeatherView.swift */,
				8397BF1029564DA20066D2F4 /* Weather_SwiftUIApp.swift */,
				8397BF1229564DA20066D2F4 /* ContentView.swift */,
				8397BF3C295654E80066D2F4 /* Location.swift */,
				8330E9D82956B6BE0089B4B3 /* OpenWeather.swift */,
				8397BF1429564DA30066D2F4 /* Assets.xcassets */,
				8397BF1629564DA30066D2F4 /* Preview Content */,
			);
			path = "Weather-SwiftUI";
			sourceTree = "<group>";
		};
		8397BF1629564DA30066D2F4 /* Preview Content */ = {
			isa = PBXGroup;
			children = (
				8397BF1729564DA30066D2F4 /* Preview Assets.xcassets */,
			);
			path = "Preview Content";
			sourceTree = "<group>";
		};
		8397BF2029564DA30066D2F4 /* Weather-SwiftUITests */ = {
			isa = PBXGroup;
			children = (
				8397BF2129564DA30066D2F4 /* Weather_SwiftUITests.swift */,
			);
			path = "Weather-SwiftUITests";
			sourceTree = "<group>";
		};
		8397BF2A29564DA30066D2F4 /* Weather-SwiftUIUITests */ = {
			isa = PBXGroup;
			children = (
				8397BF2B29564DA30066D2F4 /* Weather_SwiftUIUITests.swift */,
				8397BF2D29564DA30066D2F4 /* Weather_SwiftUIUITestsLaunchTests.swift */,
			);
			path = "Weather-SwiftUIUITests";
			sourceTree = "<group>";
		};
/* End PBXGroup section */

/* Begin PBXNativeTarget section */
		8397BF0C29564DA20066D2F4 /* Weather-SwiftUI */ = {
			isa = PBXNativeTarget;
			buildConfigurationList = 8397BF3129564DA30066D2F4 /* Build configuration list for PBXNativeTarget "Weather-SwiftUI" */;
			buildPhases = (
				8397BF0929564DA20066D2F4 /* Sources */,
				8397BF0A29564DA20066D2F4 /* Frameworks */,
				8397BF0B29564DA20066D2F4 /* Resources */,
			);
			buildRules = (
			);
			dependencies = (
			);
			name = "Weather-SwiftUI";
			productName = "Weather-SwiftUI";
			productReference = 8397BF0D29564DA20066D2F4 /* Weather-SwiftUI.app */;
			productType = "com.apple.product-type.application";
		};
		8397BF1C29564DA30066D2F4 /* Weather-SwiftUITests */ = {
			isa = PBXNativeTarget;
			buildConfigurationList = 8397BF3429564DA30066D2F4 /* Build configuration list for PBXNativeTarget "Weather-SwiftUITests" */;
			buildPhases = (
				8397BF1929564DA30066D2F4 /* Sources */,
				8397BF1A29564DA30066D2F4 /* Frameworks */,
				8397BF1B29564DA30066D2F4 /* Resources */,
			);
			buildRules = (
			);
			dependencies = (
				8397BF1F29564DA30066D2F4 /* PBXTargetDependency */,
			);
			name = "Weather-SwiftUITests";
			productName = "Weather-SwiftUITests";
			productReference = 8397BF1D29564DA30066D2F4 /* Weather-SwiftUITests.xctest */;
			productType = "com.apple.product-type.bundle.unit-test";
		};
		8397BF2629564DA30066D2F4 /* Weather-SwiftUIUITests */ = {
			isa = PBXNativeTarget;
			buildConfigurationList = 8397BF3729564DA30066D2F4 /* Build configuration list for PBXNativeTarget "Weather-SwiftUIUITests" */;
			buildPhases = (
				8397BF2329564DA30066D2F4 /* Sources */,
				8397BF2429564DA30066D2F4 /* Frameworks */,
				8397BF2529564DA30066D2F4 /* Resources */,
			);
			buildRules = (
			);
			dependencies = (
				8397BF2929564DA30066D2F4 /* PBXTargetDependency */,
			);
			name = "Weather-SwiftUIUITests";
			productName = "Weather-SwiftUIUITests";
			productReference = 8397BF2729564DA30066D2F4 /* Weather-SwiftUIUITests.xctest */;
			productType = "com.apple.product-type.bundle.ui-testing";
		};
/* End PBXNativeTarget section */

/* Begin PBXProject section */
		8397BF0529564DA20066D2F4 /* Project object */ = {
			isa = PBXProject;
			attributes = {
				BuildIndependentTargetsInParallel = 1;
				LastSwiftUpdateCheck = 1420;
				LastUpgradeCheck = 1420;
				TargetAttributes = {
					8397BF0C29564DA20066D2F4 = {
						CreatedOnToolsVersion = 14.2;
					};
					8397BF1C29564DA30066D2F4 = {
						CreatedOnToolsVersion = 14.2;
						TestTargetID = 8397BF0C29564DA20066D2F4;
					};
					8397BF2629564DA30066D2F4 = {
						CreatedOnToolsVersion = 14.2;
						TestTargetID = 8397BF0C29564DA20066D2F4;
					};
				};
			};
			buildConfigurationList = 8397BF0829564DA20066D2F4 /* Build configuration list for PBXProject "Weather-SwiftUI" */;
			compatibilityVersion = "Xcode 14.0";
			developmentRegion = en;
			hasScannedForEncodings = 0;
			knownRegions = (
				en,
				Base,
			);
			mainGroup = 8397BF0429564DA20066D2F4;
			productRefGroup = 8397BF0E29564DA20066D2F4 /* Products */;
			projectDirPath = "";
			projectRoot = "";
			targets = (
				8397BF0C29564DA20066D2F4 /* Weather-SwiftUI */,
				8397BF1C29564DA30066D2F4 /* Weather-SwiftUITests */,
				8397BF2629564DA30066D2F4 /* Weather-SwiftUIUITests */,
			);
		};
/* End PBXProject section */

/* Begin PBXResourcesBuildPhase section */
		8397BF0B29564DA20066D2F4 /* Resources */ = {
			isa = PBXResourcesBuildPhase;
			buildActionMask = 2147483647;
			files = (
				8397BF1829564DA30066D2F4 /* Preview Assets.xcassets in Resources */,
				8397BF1529564DA30066D2F4 /* Assets.xcassets in Resources */,
			);
			runOnlyForDeploymentPostprocessing = 0;
		};
		8397BF1B29564DA30066D2F4 /* Resources */ = {
			isa = PBXResourcesBuildPhase;
			buildActionMask = 2147483647;
			files = (
			);
			runOnlyForDeploymentPostprocessing = 0;
		};
		8397BF2529564DA30066D2F4 /* Resources */ = {
			isa = PBXResourcesBuildPhase;
			buildActionMask = 2147483647;
			files = (
			);
			runOnlyForDeploymentPostprocessing = 0;
		};
/* End PBXResourcesBuildPhase section */

/* Begin PBXSourcesBuildPhase section */
		8397BF0929564DA20066D2F4 /* Sources */ = {
			isa = PBXSourcesBuildPhase;
			buildActionMask = 2147483647;
			files = (
				8397BF1329564DA20066D2F4 /* ContentView.swift in Sources */,
				8397BF3D295654E80066D2F4 /* Location.swift in Sources */,
				8330E9D92956B6BF0089B4B3 /* OpenWeather.swift in Sources */,
				8330E9DD295A2C3D0089B4B3 /* WeatherView.swift in Sources */,
				8330E9DB29592B2E0089B4B3 /* LoadingView.swift in Sources */,
				8397BF1129564DA20066D2F4 /* Weather_SwiftUIApp.swift in Sources */,
			);
			runOnlyForDeploymentPostprocessing = 0;
		};
		8397BF1929564DA30066D2F4 /* Sources */ = {
			isa = PBXSourcesBuildPhase;
			buildActionMask = 2147483647;
			files = (
				8397BF2229564DA30066D2F4 /* Weather_SwiftUITests.swift in Sources */,
			);
			runOnlyForDeploymentPostprocessing = 0;
		};
		8397BF2329564DA30066D2F4 /* Sources */ = {
			isa = PBXSourcesBuildPhase;
			buildActionMask = 2147483647;
			files = (
				8397BF2C29564DA30066D2F4 /* Weather_SwiftUIUITests.swift in Sources */,
				8397BF2E29564DA30066D2F4 /* Weather_SwiftUIUITestsLaunchTests.swift in Sources */,
			);
			runOnlyForDeploymentPostprocessing = 0;
		};
/* End PBXSourcesBuildPhase section */

/* Begin PBXTargetDependency section */
		8397BF1F29564DA30066D2F4 /* PBXTargetDependency */ = {
			isa = PBXTargetDependency;
			target = 8397BF0C29564DA20066D2F4 /* Weather-SwiftUI */;
			targetProxy = 8397BF1E29564DA30066D2F4 /* PBXContainerItemProxy */;
		};
		8397BF2929564DA30066D2F4 /* PBXTargetDependency */ = {
			isa = PBXTargetDependency;
			target = 8397BF0C29564DA20066D2F4 /* Weather-SwiftUI */;
			targetProxy = 8397BF2829564DA30066D2F4 /* PBXContainerItemProxy */;
		};
/* End PBXTargetDependency section */

/* Begin XCBuildConfiguration section */
		8397BF2F29564DA30066D2F4 /* Debug */ = {
			isa = XCBuildConfiguration;
			buildSettings = {
				ALWAYS_SEARCH_USER_PATHS = NO;
				CLANG_ANALYZER_NONNULL = YES;
				CLANG_ANALYZER_NUMBER_OBJECT_CONVERSION = YES_AGGRESSIVE;
				CLANG_CXX_LANGUAGE_STANDARD = "gnu++20";
				CLANG_ENABLE_MODULES = YES;
				CLANG_ENABLE_OBJC_ARC = YES;
				CLANG_ENABLE_OBJC_WEAK = YES;
				CLANG_WARN_BLOCK_CAPTURE_AUTORELEASING = YES;
				CLANG_WARN_BOOL_CONVERSION = YES;
				CLANG_WARN_COMMA = YES;
				CLANG_WARN_CONSTANT_CONVERSION = YES;
				CLANG_WARN_DEPRECATED_OBJC_IMPLEMENTATIONS = YES;
				CLANG_WARN_DIRECT_OBJC_ISA_USAGE = YES_ERROR;
				CLANG_WARN_DOCUMENTATION_COMMENTS = YES;
				CLANG_WARN_EMPTY_BODY = YES;
				CLANG_WARN_ENUM_CONVERSION = YES;
				CLANG_WARN_INFINITE_RECURSION = YES;
				CLANG_WARN_INT_CONVERSION = YES;
				CLANG_WARN_NON_LITERAL_NULL_CONVERSION = YES;
				CLANG_WARN_OBJC_IMPLICIT_RETAIN_SELF = YES;
				CLANG_WARN_OBJC_LITERAL_CONVERSION = YES;
				CLANG_WARN_OBJC_ROOT_CLASS = YES_ERROR;
				CLANG_WARN_QUOTED_INCLUDE_IN_FRAMEWORK_HEADER = YES;
				CLANG_WARN_RANGE_LOOP_ANALYSIS = YES;
				CLANG_WARN_STRICT_PROTOTYPES = YES;
				CLANG_WARN_SUSPICIOUS_MOVE = YES;
				CLANG_WARN_UNGUARDED_AVAILABILITY = YES_AGGRESSIVE;
				CLANG_WARN_UNREACHABLE_CODE = YES;
				CLANG_WARN__DUPLICATE_METHOD_MATCH = YES;
				COPY_PHASE_STRIP = NO;
				DEBUG_INFORMATION_FORMAT = dwarf;
				ENABLE_STRICT_OBJC_MSGSEND = YES;
				ENABLE_TESTABILITY = YES;
				GCC_C_LANGUAGE_STANDARD = gnu11;
				GCC_DYNAMIC_NO_PIC = NO;
				GCC_NO_COMMON_BLOCKS = YES;
				GCC_OPTIMIZATION_LEVEL = 0;
				GCC_PREPROCESSOR_DEFINITIONS = (
					"DEBUG=1",
					"$(inherited)",
				);
				GCC_WARN_64_TO_32_BIT_CONVERSION = YES;
				GCC_WARN_ABOUT_RETURN_TYPE = YES_ERROR;
				GCC_WARN_UNDECLARED_SELECTOR = YES;
				GCC_WARN_UNINITIALIZED_AUTOS = YES_AGGRESSIVE;
				GCC_WARN_UNUSED_FUNCTION = YES;
				GCC_WARN_UNUSED_VARIABLE = YES;
				IPHONEOS_DEPLOYMENT_TARGET = 16.2;
				MTL_ENABLE_DEBUG_INFO = INCLUDE_SOURCE;
				MTL_FAST_MATH = YES;
				ONLY_ACTIVE_ARCH = YES;
				SDKROOT = iphoneos;
				SWIFT_ACTIVE_COMPILATION_CONDITIONS = DEBUG;
				SWIFT_OPTIMIZATION_LEVEL = "-Onone";
			};
			name = Debug;
		};
		8397BF3029564DA30066D2F4 /* Release */ = {
			isa = XCBuildConfiguration;
			buildSettings = {
				ALWAYS_SEARCH_USER_PATHS = NO;
				CLANG_ANALYZER_NONNULL = YES;
				CLANG_ANALYZER_NUMBER_OBJECT_CONVERSION = YES_AGGRESSIVE;
				CLANG_CXX_LANGUAGE_STANDARD = "gnu++20";
				CLANG_ENABLE_MODULES = YES;
				CLANG_ENABLE_OBJC_ARC = YES;
				CLANG_ENABLE_OBJC_WEAK = YES;
				CLANG_WARN_BLOCK_CAPTURE_AUTORELEASING = YES;
				CLANG_WARN_BOOL_CONVERSION = YES;
				CLANG_WARN_COMMA = YES;
				CLANG_WARN_CONSTANT_CONVERSION = YES;
				CLANG_WARN_DEPRECATED_OBJC_IMPLEMENTATIONS = YES;
				CLANG_WARN_DIRECT_OBJC_ISA_USAGE = YES_ERROR;
				CLANG_WARN_DOCUMENTATION_COMMENTS = YES;
				CLANG_WARN_EMPTY_BODY = YES;
				CLANG_WARN_ENUM_CONVERSION = YES;
				CLANG_WARN_INFINITE_RECURSION = YES;
				CLANG_WARN_INT_CONVERSION = YES;
				CLANG_WARN_NON_LITERAL_NULL_CONVERSION = YES;
				CLANG_WARN_OBJC_IMPLICIT_RETAIN_SELF = YES;
				CLANG_WARN_OBJC_LITERAL_CONVERSION = YES;
				CLANG_WARN_OBJC_ROOT_CLASS = YES_ERROR;
				CLANG_WARN_QUOTED_INCLUDE_IN_FRAMEWORK_HEADER = YES;
				CLANG_WARN_RANGE_LOOP_ANALYSIS = YES;
				CLANG_WARN_STRICT_PROTOTYPES = YES;
				CLANG_WARN_SUSPICIOUS_MOVE = YES;
				CLANG_WARN_UNGUARDED_AVAILABILITY = YES_AGGRESSIVE;
				CLANG_WARN_UNREACHABLE_CODE = YES;
				CLANG_WARN__DUPLICATE_METHOD_MATCH = YES;
				COPY_PHASE_STRIP = NO;
				DEBUG_INFORMATION_FORMAT = "dwarf-with-dsym";
				ENABLE_NS_ASSERTIONS = NO;
				ENABLE_STRICT_OBJC_MSGSEND = YES;
				GCC_C_LANGUAGE_STANDARD = gnu11;
				GCC_NO_COMMON_BLOCKS = YES;
				GCC_WARN_64_TO_32_BIT_CONVERSION = YES;
				GCC_WARN_ABOUT_RETURN_TYPE = YES_ERROR;
				GCC_WARN_UNDECLARED_SELECTOR = YES;
				GCC_WARN_UNINITIALIZED_AUTOS = YES_AGGRESSIVE;
				GCC_WARN_UNUSED_FUNCTION = YES;
				GCC_WARN_UNUSED_VARIABLE = YES;
				IPHONEOS_DEPLOYMENT_TARGET = 16.2;
				MTL_ENABLE_DEBUG_INFO = NO;
				MTL_FAST_MATH = YES;
				SDKROOT = iphoneos;
				SWIFT_COMPILATION_MODE = wholemodule;
				SWIFT_OPTIMIZATION_LEVEL = "-O";
				VALIDATE_PRODUCT = YES;
			};
			name = Release;
		};
		8397BF3229564DA30066D2F4 /* Debug */ = {
			isa = XCBuildConfiguration;
			buildSettings = {
				ASSETCATALOG_COMPILER_APPICON_NAME = AppIcon;
				ASSETCATALOG_COMPILER_GLOBAL_ACCENT_COLOR_NAME = AccentColor;
				CODE_SIGN_STYLE = Automatic;
				CURRENT_PROJECT_VERSION = 1;
				DEVELOPMENT_ASSET_PATHS = "\"Weather-SwiftUI/Preview Content\"";
				DEVELOPMENT_TEAM = 62S5WL4YWG;
				ENABLE_PREVIEWS = YES;
				GENERATE_INFOPLIST_FILE = YES;
				INFOPLIST_FILE = "Weather-SwiftUI/Info.plist";
				INFOPLIST_KEY_NSLocationWhenInUseUsageDescription = "Require location information to obtain local weather information";
				INFOPLIST_KEY_UIApplicationSceneManifest_Generation = YES;
				INFOPLIST_KEY_UIApplicationSupportsIndirectInputEvents = YES;
				INFOPLIST_KEY_UILaunchScreen_Generation = YES;
				INFOPLIST_KEY_UISupportedInterfaceOrientations_iPad = "UIInterfaceOrientationPortrait UIInterfaceOrientationPortraitUpsideDown UIInterfaceOrientationLandscapeLeft UIInterfaceOrientationLandscapeRight";
				INFOPLIST_KEY_UISupportedInterfaceOrientations_iPhone = "UIInterfaceOrientationPortrait UIInterfaceOrientationLandscapeLeft UIInterfaceOrientationLandscapeRight";
				LD_RUNPATH_SEARCH_PATHS = (
					"$(inherited)",
					"@executable_path/Frameworks",
				);
				MARKETING_VERSION = 1.0;
				PRODUCT_BUNDLE_IDENTIFIER = "com.jingwenshi.Weather-SwiftUI";
				PRODUCT_NAME = "$(TARGET_NAME)";
				SWIFT_EMIT_LOC_STRINGS = YES;
				SWIFT_VERSION = 5.0;
				TARGETED_DEVICE_FAMILY = "1,2";
			};
			name = Debug;
		};
		8397BF3329564DA30066D2F4 /* Release */ = {
			isa = XCBuildConfiguration;
			buildSettings = {
				ASSETCATALOG_COMPILER_APPICON_NAME = AppIcon;
				ASSETCATALOG_COMPILER_GLOBAL_ACCENT_COLOR_NAME = AccentColor;
				CODE_SIGN_STYLE = Automatic;
				CURRENT_PROJECT_VERSION = 1;
				DEVELOPMENT_ASSET_PATHS = "\"Weather-SwiftUI/Preview Content\"";
				DEVELOPMENT_TEAM = 62S5WL4YWG;
				ENABLE_PREVIEWS = YES;
				GENERATE_INFOPLIST_FILE = YES;
				INFOPLIST_FILE = "Weather-SwiftUI/Info.plist";
				INFOPLIST_KEY_NSLocationWhenInUseUsageDescription = "Require location information to obtain local weather information";
				INFOPLIST_KEY_UIApplicationSceneManifest_Generation = YES;
				INFOPLIST_KEY_UIApplicationSupportsIndirectInputEvents = YES;
				INFOPLIST_KEY_UILaunchScreen_Generation = YES;
				INFOPLIST_KEY_UISupportedInterfaceOrientations_iPad = "UIInterfaceOrientationPortrait UIInterfaceOrientationPortraitUpsideDown UIInterfaceOrientationLandscapeLeft UIInterfaceOrientationLandscapeRight";
				INFOPLIST_KEY_UISupportedInterfaceOrientations_iPhone = "UIInterfaceOrientationPortrait UIInterfaceOrientationLandscapeLeft UIInterfaceOrientationLandscapeRight";
				LD_RUNPATH_SEARCH_PATHS = (
					"$(inherited)",
					"@executable_path/Frameworks",
				);
				MARKETING_VERSION = 1.0;
				PRODUCT_BUNDLE_IDENTIFIER = "com.jingwenshi.Weather-SwiftUI";
				PRODUCT_NAME = "$(TARGET_NAME)";
				SWIFT_EMIT_LOC_STRINGS = YES;
				SWIFT_VERSION = 5.0;
				TARGETED_DEVICE_FAMILY = "1,2";
			};
			name = Release;
		};
		8397BF3529564DA30066D2F4 /* Debug */ = {
			isa = XCBuildConfiguration;
			buildSettings = {
				ALWAYS_EMBED_SWIFT_STANDARD_LIBRARIES = YES;
				BUNDLE_LOADER = "$(TEST_HOST)";
				CODE_SIGN_STYLE = Automatic;
				CURRENT_PROJECT_VERSION = 1;
				DEVELOPMENT_TEAM = 62S5WL4YWG;
				GENERATE_INFOPLIST_FILE = YES;
				IPHONEOS_DEPLOYMENT_TARGET = 16.2;
				MARKETING_VERSION = 1.0;
				PRODUCT_BUNDLE_IDENTIFIER = "com.jingwenshi.Weather-SwiftUITests";
				PRODUCT_NAME = "$(TARGET_NAME)";
				SWIFT_EMIT_LOC_STRINGS = NO;
				SWIFT_VERSION = 5.0;
				TARGETED_DEVICE_FAMILY = "1,2";
				TEST_HOST = "$(BUILT_PRODUCTS_DIR)/Weather-SwiftUI.app/$(BUNDLE_EXECUTABLE_FOLDER_PATH)/Weather-SwiftUI";
			};
			name = Debug;
		};
		8397BF3629564DA30066D2F4 /* Release */ = {
			isa = XCBuildConfiguration;
			buildSettings = {
				ALWAYS_EMBED_SWIFT_STANDARD_LIBRARIES = YES;
				BUNDLE_LOADER = "$(TEST_HOST)";
				CODE_SIGN_STYLE = Automatic;
				CURRENT_PROJECT_VERSION = 1;
				DEVELOPMENT_TEAM = 62S5WL4YWG;
				GENERATE_INFOPLIST_FILE = YES;
				IPHONEOS_DEPLOYMENT_TARGET = 16.2;
				MARKETING_VERSION = 1.0;
				PRODUCT_BUNDLE_IDENTIFIER = "com.jingwenshi.Weather-SwiftUITests";
				PRODUCT_NAME = "$(TARGET_NAME)";
				SWIFT_EMIT_LOC_STRINGS = NO;
				SWIFT_VERSION = 5.0;
				TARGETED_DEVICE_FAMILY = "1,2";
				TEST_HOST = "$(BUILT_PRODUCTS_DIR)/Weather-SwiftUI.app/$(BUNDLE_EXECUTABLE_FOLDER_PATH)/Weather-SwiftUI";
			};
			name = Release;
		};
		8397BF3829564DA30066D2F4 /* Debug */ = {
			isa = XCBuildConfiguration;
			buildSettings = {
				ALWAYS_EMBED_SWIFT_STANDARD_LIBRARIES = YES;
				CODE_SIGN_STYLE = Automatic;
				CURRENT_PROJECT_VERSION = 1;
				DEVELOPMENT_TEAM = 62S5WL4YWG;
				GENERATE_INFOPLIST_FILE = YES;
				MARKETING_VERSION = 1.0;
				PRODUCT_BUNDLE_IDENTIFIER = "com.jingwenshi.Weather-SwiftUIUITests";
				PRODUCT_NAME = "$(TARGET_NAME)";
				SWIFT_EMIT_LOC_STRINGS = NO;
				SWIFT_VERSION = 5.0;
				TARGETED_DEVICE_FAMILY = "1,2";
				TEST_TARGET_NAME = "Weather-SwiftUI";
			};
			name = Debug;
		};
		8397BF3929564DA30066D2F4 /* Release */ = {
			isa = XCBuildConfiguration;
			buildSettings = {
				ALWAYS_EMBED_SWIFT_STANDARD_LIBRARIES = YES;
				CODE_SIGN_STYLE = Automatic;
				CURRENT_PROJECT_VERSION = 1;
				DEVELOPMENT_TEAM = 62S5WL4YWG;
				GENERATE_INFOPLIST_FILE = YES;
				MARKETING_VERSION = 1.0;
				PRODUCT_BUNDLE_IDENTIFIER = "com.jingwenshi.Weather-SwiftUIUITests";
				PRODUCT_NAME = "$(TARGET_NAME)";
				SWIFT_EMIT_LOC_STRINGS = NO;
				SWIFT_VERSION = 5.0;
				TARGETED_DEVICE_FAMILY = "1,2";
				TEST_TARGET_NAME = "Weather-SwiftUI";
			};
			name = Release;
		};
/* End XCBuildConfiguration section */

/* Begin XCConfigurationList section */
		8397BF0829564DA20066D2F4 /* Build configuration list for PBXProject "Weather-SwiftUI" */ = {
			isa = XCConfigurationList;
			buildConfigurations = (
				8397BF2F29564DA30066D2F4 /* Debug */,
				8397BF3029564DA30066D2F4 /* Release */,
			);
			defaultConfigurationIsVisible = 0;
			defaultConfigurationName = Release;
		};
		8397BF3129564DA30066D2F4 /* Build configuration list for PBXNativeTarget "Weather-SwiftUI" */ = {
			isa = XCConfigurationList;
			buildConfigurations = (
				8397BF3229564DA30066D2F4 /* Debug */,
				8397BF3329564DA30066D2F4 /* Release */,
			);
			defaultConfigurationIsVisible = 0;
			defaultConfigurationName = Release;
		};
		8397BF3429564DA30066D2F4 /* Build configuration list for PBXNativeTarget "Weather-SwiftUITests" */ = {
			isa = XCConfigurationList;
			buildConfigurations = (
				8397BF3529564DA30066D2F4 /* Debug */,
				8397BF3629564DA30066D2F4 /* Release */,
			);
			defaultConfigurationIsVisible = 0;
			defaultConfigurationName = Release;
		};
		8397BF3729564DA30066D2F4 /* Build configuration list for PBXNativeTarget "Weather-SwiftUIUITests" */ = {
			isa = XCConfigurationList;
			buildConfigurations = (
				8397BF3829564DA30066D2F4 /* Debug */,
				8397BF3929564DA30066D2F4 /* Release */,
			);
			defaultConfigurationIsVisible = 0;
			defaultConfigurationName = Release;
		};
/* End XCConfigurationList section */
	};
	rootObject = 8397BF0529564DA20066D2F4 /* Project object */;
}
